// !$*UTF8*$!
{
	archiveVersion = 1;
	classes = {
	};
	objectVersion = 56;
	objects = {

/* Begin PBXBuildFile section */
		FA6B70EF2B4996E900AA4146 /* Launch Screen.storyboard in Resources */ = {isa = PBXBuildFile; fileRef = FA6B70EE2B4996E900AA4146 /* Launch Screen.storyboard */; };
		FAC836102B484B9F0074A0B6 /* TodoListSwiftUIApp.swift in Sources */ = {isa = PBXBuildFile; fileRef = FAC8360F2B484B9F0074A0B6 /* TodoListSwiftUIApp.swift */; };
		FAC836142B484BA30074A0B6 /* Assets.xcassets in Resources */ = {isa = PBXBuildFile; fileRef = FAC836132B484BA30074A0B6 /* Assets.xcassets */; };
		FAC836172B484BA30074A0B6 /* Preview Assets.xcassets in Resources */ = {isa = PBXBuildFile; fileRef = FAC836162B484BA30074A0B6 /* Preview Assets.xcassets */; };
		FAC8361E2B48A68B0074A0B6 /* ListView.swift in Sources */ = {isa = PBXBuildFile; fileRef = FAC8361D2B48A68B0074A0B6 /* ListView.swift */; };
		FAC836202B48AAC00074A0B6 /* ListRowView.swift in Sources */ = {isa = PBXBuildFile; fileRef = FAC8361F2B48AAC00074A0B6 /* ListRowView.swift */; };
		FAC836222B48AAE40074A0B6 /* TodoItem.swift in Sources */ = {isa = PBXBuildFile; fileRef = FAC836212B48AAE40074A0B6 /* TodoItem.swift */; };
		FAC836242B48ACB40074A0B6 /* AddView.swift in Sources */ = {isa = PBXBuildFile; fileRef = FAC836232B48ACB40074A0B6 /* AddView.swift */; };
		FAC836282B48AF2D0074A0B6 /* ListViewModel.swift in Sources */ = {isa = PBXBuildFile; fileRef = FAC836272B48AF2D0074A0B6 /* ListViewModel.swift */; };
		FAC8362A2B48B9670074A0B6 /* EmptyListView.swift in Sources */ = {isa = PBXBuildFile; fileRef = FAC836292B48B9670074A0B6 /* EmptyListView.swift */; };
/* End PBXBuildFile section */

/* Begin PBXFileReference section */
		FA6B70EE2B4996E900AA4146 /* Launch Screen.storyboard */ = {isa = PBXFileReference; lastKnownFileType = file.storyboard; path = "Launch Screen.storyboard"; sourceTree = "<group>"; };
		FAC8360C2B484B9F0074A0B6 /* TodoListSwiftUI.app */ = {isa = PBXFileReference; explicitFileType = wrapper.application; includeInIndex = 0; path = TodoListSwiftUI.app; sourceTree = BUILT_PRODUCTS_DIR; };
		FAC8360F2B484B9F0074A0B6 /* TodoListSwiftUIApp.swift */ = {isa = PBXFileReference; lastKnownFileType = sourcecode.swift; path = TodoListSwiftUIApp.swift; sourceTree = "<group>"; };
		FAC836132B484BA30074A0B6 /* Assets.xcassets */ = {isa = PBXFileReference; lastKnownFileType = folder.assetcatalog; path = Assets.xcassets; sourceTree = "<group>"; };
		FAC836162B484BA30074A0B6 /* Preview Assets.xcassets */ = {isa = PBXFileReference; lastKnownFileType = folder.assetcatalog; path = "Preview Assets.xcassets"; sourceTree = "<group>"; };
		FAC8361D2B48A68B0074A0B6 /* ListView.swift */ = {isa = PBXFileReference; lastKnownFileType = sourcecode.swift; path = ListView.swift; sourceTree = "<group>"; };
		FAC8361F2B48AAC00074A0B6 /* ListRowView.swift */ = {isa = PBXFileReference; lastKnownFileType = sourcecode.swift; path = ListRowView.swift; sourceTree = "<group>"; };
		FAC836212B48AAE40074A0B6 /* TodoItem.swift */ = {isa = PBXFileReference; lastKnownFileType = sourcecode.swift; path = TodoItem.swift; sourceTree = "<group>"; };
		FAC836232B48ACB40074A0B6 /* AddView.swift */ = {isa = PBXFileReference; lastKnownFileType = sourcecode.swift; path = AddView.swift; sourceTree = "<group>"; };
		FAC836272B48AF2D0074A0B6 /* ListViewModel.swift */ = {isa = PBXFileReference; lastKnownFileType = sourcecode.swift; path = ListViewModel.swift; sourceTree = "<group>"; };
		FAC836292B48B9670074A0B6 /* EmptyListView.swift */ = {isa = PBXFileReference; lastKnownFileType = sourcecode.swift; path = EmptyListView.swift; sourceTree = "<group>"; };
/* End PBXFileReference section */

/* Begin PBXFrameworksBuildPhase section */
		FAC836092B484B9F0074A0B6 /* Frameworks */ = {
			isa = PBXFrameworksBuildPhase;
			buildActionMask = 2147483647;
			files = (
			);
			runOnlyForDeploymentPostprocessing = 0;
		};
/* End PBXFrameworksBuildPhase section */

/* Begin PBXGroup section */
		FAC836032B484B9E0074A0B6 = {
			isa = PBXGroup;
			children = (
				FAC8360E2B484B9F0074A0B6 /* TodoListSwiftUI */,
				FAC8360D2B484B9F0074A0B6 /* Products */,
			);
			sourceTree = "<group>";
		};
		FAC8360D2B484B9F0074A0B6 /* Products */ = {
			isa = PBXGroup;
			children = (
				FAC8360C2B484B9F0074A0B6 /* TodoListSwiftUI.app */,
			);
			name = Products;
			sourceTree = "<group>";
		};
		FAC8360E2B484B9F0074A0B6 /* TodoListSwiftUI */ = {
			isa = PBXGroup;
			children = (
				FAC8360F2B484B9F0074A0B6 /* TodoListSwiftUIApp.swift */,
				FAC8361D2B48A68B0074A0B6 /* ListView.swift */,
				FAC836272B48AF2D0074A0B6 /* ListViewModel.swift */,
				FAC8361F2B48AAC00074A0B6 /* ListRowView.swift */,
				FAC836292B48B9670074A0B6 /* EmptyListView.swift */,
				FAC836232B48ACB40074A0B6 /* AddView.swift */,
				FAC836132B484BA30074A0B6 /* Assets.xcassets */,
				FAC836152B484BA30074A0B6 /* Preview Content */,
				FAC836212B48AAE40074A0B6 /* TodoItem.swift */,
				FA6B70EE2B4996E900AA4146 /* Launch Screen.storyboard */,
			);
			path = TodoListSwiftUI;
			sourceTree = "<group>";
		};
		FAC836152B484BA30074A0B6 /* Preview Content */ = {
			isa = PBXGroup;
			children = (
				FAC836162B484BA30074A0B6 /* Preview Assets.xcassets */,
			);
			path = "Preview Content";
			sourceTree = "<group>";
		};
/* End PBXGroup section */

/* Begin PBXNativeTarget section */
		FAC8360B2B484B9F0074A0B6 /* TodoListSwiftUI */ = {
			isa = PBXNativeTarget;
			buildConfigurationList = FAC8361A2B484BA30074A0B6 /* Build configuration list for PBXNativeTarget "TodoListSwiftUI" */;
			buildPhases = (
				FAC836082B484B9F0074A0B6 /* Sources */,
				FAC836092B484B9F0074A0B6 /* Frameworks */,
				FAC8360A2B484B9F0074A0B6 /* Resources */,
			);
			buildRules = (
			);
			dependencies = (
			);
			name = TodoListSwiftUI;
			productName = TodoListSwiftUI;
			productReference = FAC8360C2B484B9F0074A0B6 /* TodoListSwiftUI.app */;
			productType = "com.apple.product-type.application";
		};
/* End PBXNativeTarget section */

/* Begin PBXProject section */
		FAC836042B484B9E0074A0B6 /* Project object */ = {
			isa = PBXProject;
			attributes = {
				BuildIndependentTargetsInParallel = 1;
				LastSwiftUpdateCheck = 1420;
				LastUpgradeCheck = 1420;
				TargetAttributes = {
					FAC8360B2B484B9F0074A0B6 = {
						CreatedOnToolsVersion = 14.2;
					};
				};
			};
			buildConfigurationList = FAC836072B484B9E0074A0B6 /* Build configuration list for PBXProject "TodoListSwiftUI" */;
			compatibilityVersion = "Xcode 14.0";
			developmentRegion = en;
			hasScannedForEncodings = 0;
			knownRegions = (
				en,
				Base,
			);
			mainGroup = FAC836032B484B9E0074A0B6;
			productRefGroup = FAC8360D2B484B9F0074A0B6 /* Products */;
			projectDirPath = "";
			projectRoot = "";
			targets = (
				FAC8360B2B484B9F0074A0B6 /* TodoListSwiftUI */,
			);
		};
/* End PBXProject section */

/* Begin PBXResourcesBuildPhase section */
		FAC8360A2B484B9F0074A0B6 /* Resources */ = {
			isa = PBXResourcesBuildPhase;
			buildActionMask = 2147483647;
			files = (
				FA6B70EF2B4996E900AA4146 /* Launch Screen.storyboard in Resources */,
				FAC836172B484BA30074A0B6 /* Preview Assets.xcassets in Resources */,
				FAC836142B484BA30074A0B6 /* Assets.xcassets in Resources */,
			);
			runOnlyForDeploymentPostprocessing = 0;
		};
/* End PBXResourcesBuildPhase section */

/* Begin PBXSourcesBuildPhase section */
		FAC836082B484B9F0074A0B6 /* Sources */ = {
			isa = PBXSourcesBuildPhase;
			buildActionMask = 2147483647;
			files = (
				FAC8361E2B48A68B0074A0B6 /* ListView.swift in Sources */,
				FAC836102B484B9F0074A0B6 /* TodoListSwiftUIApp.swift in Sources */,
				FAC8362A2B48B9670074A0B6 /* EmptyListView.swift in Sources */,
				FAC836282B48AF2D0074A0B6 /* ListViewModel.swift in Sources */,
				FAC836242B48ACB40074A0B6 /* AddView.swift in Sources */,
				FAC836222B48AAE40074A0B6 /* TodoItem.swift in Sources */,
				FAC836202B48AAC00074A0B6 /* ListRowView.swift in Sources */,
			);
			runOnlyForDeploymentPostprocessing = 0;
		};
/* End PBXSourcesBuildPhase section */

/* Begin XCBuildConfiguration section */
		FAC836182B484BA30074A0B6 /* Debug */ = {
			isa = XCBuildConfiguration;
			buildSettings = {
				ALWAYS_SEARCH_USER_PATHS = NO;
				CLANG_ANALYZER_NONNULL = YES;
				CLANG_ANALYZER_NUMBER_OBJECT_CONVERSION = YES_AGGRESSIVE;
				CLANG_CXX_LANGUAGE_STANDARD = "gnu++20";
				CLANG_ENABLE_MODULES = YES;
				CLANG_ENABLE_OBJC_ARC = YES;
				CLANG_ENABLE_OBJC_WEAK = YES;
				CLANG_WARN_BLOCK_CAPTURE_AUTORELEASING = YES;
				CLANG_WARN_BOOL_CONVERSION = YES;
				CLANG_WARN_COMMA = YES;
				CLANG_WARN_CONSTANT_CONVERSION = YES;
				CLANG_WARN_DEPRECATED_OBJC_IMPLEMENTATIONS = YES;
				CLANG_WARN_DIRECT_OBJC_ISA_USAGE = YES_ERROR;
				CLANG_WARN_DOCUMENTATION_COMMENTS = YES;
				CLANG_WARN_EMPTY_BODY = YES;
				CLANG_WARN_ENUM_CONVERSION = YES;
				CLANG_WARN_INFINITE_RECURSION = YES;
				CLANG_WARN_INT_CONVERSION = YES;
				CLANG_WARN_NON_LITERAL_NULL_CONVERSION = YES;
				CLANG_WARN_OBJC_IMPLICIT_RETAIN_SELF = YES;
				CLANG_WARN_OBJC_LITERAL_CONVERSION = YES;
				CLANG_WARN_OBJC_ROOT_CLASS = YES_ERROR;
				CLANG_WARN_QUOTED_INCLUDE_IN_FRAMEWORK_HEADER = YES;
				CLANG_WARN_RANGE_LOOP_ANALYSIS = YES;
				CLANG_WARN_STRICT_PROTOTYPES = YES;
				CLANG_WARN_SUSPICIOUS_MOVE = YES;
				CLANG_WARN_UNGUARDED_AVAILABILITY = YES_AGGRESSIVE;
				CLANG_WARN_UNREACHABLE_CODE = YES;
				CLANG_WARN__DUPLICATE_METHOD_MATCH = YES;
				COPY_PHASE_STRIP = NO;
				DEBUG_INFORMATION_FORMAT = dwarf;
				ENABLE_STRICT_OBJC_MSGSEND = YES;
				ENABLE_TESTABILITY = YES;
				GCC_C_LANGUAGE_STANDARD = gnu11;
				GCC_DYNAMIC_NO_PIC = NO;
				GCC_NO_COMMON_BLOCKS = YES;
				GCC_OPTIMIZATION_LEVEL = 0;
				GCC_PREPROCESSOR_DEFINITIONS = (
					"DEBUG=1",
					"$(inherited)",
				);
				GCC_WARN_64_TO_32_BIT_CONVERSION = YES;
				GCC_WARN_ABOUT_RETURN_TYPE = YES_ERROR;
				GCC_WARN_UNDECLARED_SELECTOR = YES;
				GCC_WARN_UNINITIALIZED_AUTOS = YES_AGGRESSIVE;
				GCC_WARN_UNUSED_FUNCTION = YES;
				GCC_WARN_UNUSED_VARIABLE = YES;
				IPHONEOS_DEPLOYMENT_TARGET = 16.2;
				MTL_ENABLE_DEBUG_INFO = INCLUDE_SOURCE;
				MTL_FAST_MATH = YES;
				ONLY_ACTIVE_ARCH = YES;
				SDKROOT = iphoneos;
				SWIFT_ACTIVE_COMPILATION_CONDITIONS = DEBUG;
				SWIFT_OPTIMIZATION_LEVEL = "-Onone";
			};
			name = Debug;
		};
		FAC836192B484BA30074A0B6 /* Release */ = {
			isa = XCBuildConfiguration;
			buildSettings = {
				ALWAYS_SEARCH_USER_PATHS = NO;
				CLANG_ANALYZER_NONNULL = YES;
				CLANG_ANALYZER_NUMBER_OBJECT_CONVERSION = YES_AGGRESSIVE;
				CLANG_CXX_LANGUAGE_STANDARD = "gnu++20";
				CLANG_ENABLE_MODULES = YES;
				CLANG_ENABLE_OBJC_ARC = YES;
				CLANG_ENABLE_OBJC_WEAK = YES;
				CLANG_WARN_BLOCK_CAPTURE_AUTORELEASING = YES;
				CLANG_WARN_BOOL_CONVERSION = YES;
				CLANG_WARN_COMMA = YES;
				CLANG_WARN_CONSTANT_CONVERSION = YES;
				CLANG_WARN_DEPRECATED_OBJC_IMPLEMENTATIONS = YES;
				CLANG_WARN_DIRECT_OBJC_ISA_USAGE = YES_ERROR;
				CLANG_WARN_DOCUMENTATION_COMMENTS = YES;
				CLANG_WARN_EMPTY_BODY = YES;
				CLANG_WARN_ENUM_CONVERSION = YES;
				CLANG_WARN_INFINITE_RECURSION = YES;
				CLANG_WARN_INT_CONVERSION = YES;
				CLANG_WARN_NON_LITERAL_NULL_CONVERSION = YES;
				CLANG_WARN_OBJC_IMPLICIT_RETAIN_SELF = YES;
				CLANG_WARN_OBJC_LITERAL_CONVERSION = YES;
				CLANG_WARN_OBJC_ROOT_CLASS = YES_ERROR;
				CLANG_WARN_QUOTED_INCLUDE_IN_FRAMEWORK_HEADER = YES;
				CLANG_WARN_RANGE_LOOP_ANALYSIS = YES;
				CLANG_WARN_STRICT_PROTOTYPES = YES;
				CLANG_WARN_SUSPICIOUS_MOVE = YES;
				CLANG_WARN_UNGUARDED_AVAILABILITY = YES_AGGRESSIVE;
				CLANG_WARN_UNREACHABLE_CODE = YES;
				CLANG_WARN__DUPLICATE_METHOD_MATCH = YES;
				COPY_PHASE_STRIP = NO;
				DEBUG_INFORMATION_FORMAT = "dwarf-with-dsym";
				ENABLE_NS_ASSERTIONS = NO;
				ENABLE_STRICT_OBJC_MSGSEND = YES;
				GCC_C_LANGUAGE_STANDARD = gnu11;
				GCC_NO_COMMON_BLOCKS = YES;
				GCC_WARN_64_TO_32_BIT_CONVERSION = YES;
				GCC_WARN_ABOUT_RETURN_TYPE = YES_ERROR;
				GCC_WARN_UNDECLARED_SELECTOR = YES;
				GCC_WARN_UNINITIALIZED_AUTOS = YES_AGGRESSIVE;
				GCC_WARN_UNUSED_FUNCTION = YES;
				GCC_WARN_UNUSED_VARIABLE = YES;
				IPHONEOS_DEPLOYMENT_TARGET = 16.2;
				MTL_ENABLE_DEBUG_INFO = NO;
				MTL_FAST_MATH = YES;
				SDKROOT = iphoneos;
				SWIFT_COMPILATION_MODE = wholemodule;
				SWIFT_OPTIMIZATION_LEVEL = "-O";
				VALIDATE_PRODUCT = YES;
			};
			name = Release;
		};
		FAC8361B2B484BA30074A0B6 /* Debug */ = {
			isa = XCBuildConfiguration;
			buildSettings = {
				ASSETCATALOG_COMPILER_APPICON_NAME = AppIcon;
				ASSETCATALOG_COMPILER_GLOBAL_ACCENT_COLOR_NAME = AccentColor;
				CODE_SIGN_STYLE = Automatic;
				CURRENT_PROJECT_VERSION = 1;
				DEVELOPMENT_ASSET_PATHS = "\"TodoListSwiftUI/Preview Content\"";
				ENABLE_PREVIEWS = YES;
				GENERATE_INFOPLIST_FILE = YES;
				INFOPLIST_KEY_UIApplicationSceneManifest_Generation = YES;
				INFOPLIST_KEY_UIApplicationSupportsIndirectInputEvents = YES;
				INFOPLIST_KEY_UILaunchScreen_Generation = YES;
				INFOPLIST_KEY_UILaunchStoryboardName = "Launch Screen.storyboard";
				INFOPLIST_KEY_UISupportedInterfaceOrientations_iPad = "UIInterfaceOrientationPortrait UIInterfaceOrientationPortraitUpsideDown UIInterfaceOrientationLandscapeLeft UIInterfaceOrientationLandscapeRight";
				INFOPLIST_KEY_UISupportedInterfaceOrientations_iPhone = "UIInterfaceOrientationPortrait UIInterfaceOrientationLandscapeLeft UIInterfaceOrientationLandscapeRight";
				LD_RUNPATH_SEARCH_PATHS = (
					"$(inherited)",
					"@executable_path/Frameworks",
				);
				MARKETING_VERSION = 1.0;
				PRODUCT_BUNDLE_IDENTIFIER = com.native.TodoListSwiftUI;
				PRODUCT_NAME = "$(TARGET_NAME)";
				SWIFT_EMIT_LOC_STRINGS = YES;
				SWIFT_VERSION = 5.0;
				TARGETED_DEVICE_FAMILY = "1,2";
			};
			name = Debug;
		};
		FAC8361C2B484BA30074A0B6 /* Release */ = {
			isa = XCBuildConfiguration;
			buildSettings = {
				ASSETCATALOG_COMPILER_APPICON_NAME = AppIcon;
				ASSETCATALOG_COMPILER_GLOBAL_ACCENT_COLOR_NAME = AccentColor;
				CODE_SIGN_STYLE = Automatic;
				CURRENT_PROJECT_VERSION = 1;
				DEVELOPMENT_ASSET_PATHS = "\"TodoListSwiftUI/Preview Content\"";
				ENABLE_PREVIEWS = YES;
				GENERATE_INFOPLIST_FILE = YES;
				INFOPLIST_KEY_UIApplicationSceneManifest_Generation = YES;
				INFOPLIST_KEY_UIApplicationSupportsIndirectInputEvents = YES;
				INFOPLIST_KEY_UILaunchScreen_Generation = YES;
				INFOPLIST_KEY_UILaunchStoryboardName = "Launch Screen.storyboard";
				INFOPLIST_KEY_UISupportedInterfaceOrientations_iPad = "UIInterfaceOrientationPortrait UIInterfaceOrientationPortraitUpsideDown UIInterfaceOrientationLandscapeLeft UIInterfaceOrientationLandscapeRight";
				INFOPLIST_KEY_UISupportedInterfaceOrientations_iPhone = "UIInterfaceOrientationPortrait UIInterfaceOrientationLandscapeLeft UIInterfaceOrientationLandscapeRight";
				LD_RUNPATH_SEARCH_PATHS = (
					"$(inherited)",
					"@executable_path/Frameworks",
				);
				MARKETING_VERSION = 1.0;
				PRODUCT_BUNDLE_IDENTIFIER = com.native.TodoListSwiftUI;
				PRODUCT_NAME = "$(TARGET_NAME)";
				SWIFT_EMIT_LOC_STRINGS = YES;
				SWIFT_VERSION = 5.0;
				TARGETED_DEVICE_FAMILY = "1,2";
			};
			name = Release;
		};
/* End XCBuildConfiguration section */

/* Begin XCConfigurationList section */
		FAC836072B484B9E0074A0B6 /* Build configuration list for PBXProject "TodoListSwiftUI" */ = {
			isa = XCConfigurationList;
			buildConfigurations = (
				FAC836182B484BA30074A0B6 /* Debug */,
				FAC836192B484BA30074A0B6 /* Release */,
			);
			defaultConfigurationIsVisible = 0;
			defaultConfigurationName = Release;
		};
		FAC8361A2B484BA30074A0B6 /* Build configuration list for PBXNativeTarget "TodoListSwiftUI" */ = {
			isa = XCConfigurationList;
			buildConfigurations = (
				FAC8361B2B484BA30074A0B6 /* Debug */,
				FAC8361C2B484BA30074A0B6 /* Release */,
			);
			defaultConfigurationIsVisible = 0;
			defaultConfigurationName = Release;
		};
/* End XCConfigurationList section */
	};
	rootObject = FAC836042B484B9E0074A0B6 /* Project object */;
}
